
Microsoft Visual Studio Solution File, Format Version 12.00
# Visual Studio Version 17
VisualStudioVersion = 17.12.35527.113
MinimumVisualStudioVersion = 10.0.40219.1
Project("{FAE04EC0-301F-11D3-BF4B-00C04F79EFBC}") = "WindowsFormsApp1", "WindowsFormsApp1.csproj", "{7DD5C0C4-3715-4F8B-B204-AF77DF64F86E}"
EndProject
Project("{54435603-DBB4-11D2-8724-00A0C9A8B90C}") = "orderset", "..\orderset\orderset.vdproj", "{E1D6EB32-EC06-4967-AB68-D63542D6C2F8}"
EndProject
Global
	GlobalSection(SolutionConfigurationPlatforms) = preSolution
		Debug|Any CPU = Debug|Any CPU
		Release|Any CPU = Release|Any CPU
	EndGlobalSection
	GlobalSection(ProjectConfigurationPlatforms) = postSolution
		{7DD5C0C4-3715-4F8B-B204-AF77DF64F86E}.Debug|Any CPU.ActiveCfg = Debug|Any CPU
		{7DD5C0C4-3715-4F8B-B204-AF77DF64F86E}.Debug|Any CPU.Build.0 = Debug|Any CPU
		{7DD5C0C4-3715-4F8B-B204-AF77DF64F86E}.Release|Any CPU.ActiveCfg = Release|Any CPU
		{7DD5C0C4-3715-4F8B-B204-AF77DF64F86E}.Release|Any CPU.Build.0 = Release|Any CPU
		{E1D6EB32-EC06-4967-AB68-D63542D6C2F8}.Debug|Any CPU.ActiveCfg = Debug
		{E1D6EB32-EC06-4967-AB68-D63542D6C2F8}.Release|Any CPU.ActiveCfg = Release
	EndGlobalSection
	GlobalSection(SolutionProperties) = preSolution
		HideSolutionNode = FALSE
	EndGlobalSection
EndGlobal
